
Microsoft Visual Studio Solution File, Format Version 12.00
# Visual Studio Version 17
VisualStudioVersion = 17.14.36603.0 d17.14
MinimumVisualStudioVersion = 10.0.40219.1
Project("{FAE04EC0-301F-11D3-BF4B-00C04F79EFBC}") = "GestionSuscripciones", "GestionSuscripciones.csproj", "{3EA50243-E696-4B2F-919D-8D34E4FADDFB}"
EndProject
Global
	GlobalSection(SolutionConfigurationPlatforms) = preSolution
		Debug|Any CPU = Debug|Any CPU
		Release|Any CPU = Release|Any CPU
	EndGlobalSection
	GlobalSection(ProjectConfigurationPlatforms) = postSolution
		{3EA50243-E696-4B2F-919D-8D34E4FADDFB}.Debug|Any CPU.ActiveCfg = Debug|Any CPU
		{3EA50243-E696-4B2F-919D-8D34E4FADDFB}.Debug|Any CPU.Build.0 = Debug|Any CPU
		{3EA50243-E696-4B2F-919D-8D34E4FADDFB}.Release|Any CPU.ActiveCfg = Release|Any CPU
		{3EA50243-E696-4B2F-919D-8D34E4FADDFB}.Release|Any CPU.Build.0 = Release|Any CPU
	EndGlobalSection
	GlobalSection(SolutionProperties) = preSolution
		HideSolutionNode = FALSE
	EndGlobalSection
	GlobalSection(ExtensibilityGlobals) = postSolution
		SolutionGuid = {68A9995D-3DEF-4957-80BC-F34BF6F82711}
	EndGlobalSection
EndGlobal
